
Microsoft Visual Studio Solution File, Format Version 12.00
# Visual Studio Version 17
VisualStudioVersion = 17.3.32922.545
MinimumVisualStudioVersion = 10.0.40219.1
Project("{FAE04EC0-301F-11D3-BF4B-00C04F79EFBC}") = "eTickets", "eTickets\eTickets.csproj", "{5FE4BDBB-11EC-4792-9BFB-57F4C9228567}"
EndProject
Global
	GlobalSection(SolutionConfigurationPlatforms) = preSolution
		Debug|Any CPU = Debug|Any CPU
		Release|Any CPU = Release|Any CPU
	EndGlobalSection
	GlobalSection(ProjectConfigurationPlatforms) = postSolution
		{5FE4BDBB-11EC-4792-9BFB-57F4C9228567}.Debug|Any CPU.ActiveCfg = Debug|Any CPU
		{5FE4BDBB-11EC-4792-9BFB-57F4C9228567}.Debug|Any CPU.Build.0 = Debug|Any CPU
		{5FE4BDBB-11EC-4792-9BFB-57F4C9228567}.Release|Any CPU.ActiveCfg = Release|Any CPU
		{5FE4BDBB-11EC-4792-9BFB-57F4C9228567}.Release|Any CPU.Build.0 = Release|Any CPU
	EndGlobalSection
	GlobalSection(SolutionProperties) = preSolution
		HideSolutionNode = FALSE
	EndGlobalSection
	GlobalSection(ExtensibilityGlobals) = postSolution
		SolutionGuid = {12DF333B-1852-4D1C-865A-5A95B18E3CE2}
	EndGlobalSection
EndGlobal
